
Microsoft Visual Studio Solution File, Format Version 12.00
# Visual Studio Version 18
VisualStudioVersion = 18.0.11121.172
MinimumVisualStudioVersion = 10.0.40219.1
Project("{FAE04EC0-301F-11D3-BF4B-00C04F79EFBC}") = "Fairmark", "Fairmark.csproj", "{8F4911A2-F803-4A7C-BC4A-7753C429AE63}"
EndProject
Project("{FAE04EC0-301F-11D3-BF4B-00C04F79EFBC}") = "Fairmark.Helpers", "Fairmark.Helpers\Fairmark.Helpers.csproj", "{DD07202E-9A92-4B4C-A563-6FF0800D2121}"
EndProject
Project("{FAE04EC0-301F-11D3-BF4B-00C04F79EFBC}") = "Fairmark.Models", "Fairmark.Models\Fairmark.Models.csproj", "{3A4C2A5F-327E-4FB3-9946-B6E8342D64C8}"
EndProject
Project("{FAE04EC0-301F-11D3-BF4B-00C04F79EFBC}") = "Fairmark.Converters", "Fairmark.Converters\Fairmark.Converters.csproj", "{1B68F495-3E45-40E8-BCDB-9F12E17685A1}"
EndProject
Project("{FAE04EC0-301F-11D3-BF4B-00C04F79EFBC}") = "Fairmark.AppServices", "Fairmark.AppServices\Fairmark.AppServices.csproj", "{A0A8E73F-F3CF-43C0-9600-C735B57774C3}"
EndProject
Project("{FAE04EC0-301F-11D3-BF4B-00C04F79EFBC}") = "Fairmark.Intelligence", "Fairmark.AI\Fairmark.Intelligence.csproj", "{5E14E2DA-00D7-49C7-AD2E-4924B757544A}"
EndProject
Global
	GlobalSection(SolutionConfigurationPlatforms) = preSolution
		Debug|ARM = Debug|ARM
		Debug|ARM64 = Debug|ARM64
		Debug|x64 = Debug|x64
		Debug|x86 = Debug|x86
		Release|ARM = Release|ARM
		Release|ARM64 = Release|ARM64
		Release|x64 = Release|x64
		Release|x86 = Release|x86
	EndGlobalSection
	GlobalSection(ProjectConfigurationPlatforms) = postSolution
		{8F4911A2-F803-4A7C-BC4A-7753C429AE63}.Debug|ARM.ActiveCfg = Debug|ARM
		{8F4911A2-F803-4A7C-BC4A-7753C429AE63}.Debug|ARM.Build.0 = Debug|ARM
		{8F4911A2-F803-4A7C-BC4A-7753C429AE63}.Debug|ARM.Deploy.0 = Debug|ARM
		{8F4911A2-F803-4A7C-BC4A-7753C429AE63}.Debug|ARM64.ActiveCfg = Debug|ARM64
		{8F4911A2-F803-4A7C-BC4A-7753C429AE63}.Debug|ARM64.Build.0 = Debug|ARM64
		{8F4911A2-F803-4A7C-BC4A-7753C429AE63}.Debug|ARM64.Deploy.0 = Debug|ARM64
		{8F4911A2-F803-4A7C-BC4A-7753C429AE63}.Debug|x64.ActiveCfg = Debug|x64
		{8F4911A2-F803-4A7C-BC4A-7753C429AE63}.Debug|x64.Build.0 = Debug|x64
		{8F4911A2-F803-4A7C-BC4A-7753C429AE63}.Debug|x64.Deploy.0 = Debug|x64
		{8F4911A2-F803-4A7C-BC4A-7753C429AE63}.Debug|x86.ActiveCfg = Debug|x86
		{8F4911A2-F803-4A7C-BC4A-7753C429AE63}.Debug|x86.Build.0 = Debug|x86
		{8F4911A2-F803-4A7C-BC4A-7753C429AE63}.Debug|x86.Deploy.0 = Debug|x86
		{8F4911A2-F803-4A7C-BC4A-7753C429AE63}.Release|ARM.ActiveCfg = Release|ARM
		{8F4911A2-F803-4A7C-BC4A-7753C429AE63}.Release|ARM.Build.0 = Release|ARM
		{8F4911A2-F803-4A7C-BC4A-7753C429AE63}.Release|ARM.Deploy.0 = Release|ARM
		{8F4911A2-F803-4A7C-BC4A-7753C429AE63}.Release|ARM64.ActiveCfg = Release|ARM64
		{8F4911A2-F803-4A7C-BC4A-7753C429AE63}.Release|ARM64.Build.0 = Release|ARM64
		{8F4911A2-F803-4A7C-BC4A-7753C429AE63}.Release|ARM64.Deploy.0 = Release|ARM64
		{8F4911A2-F803-4A7C-BC4A-7753C429AE63}.Release|x64.ActiveCfg = Release|x64
		{8F4911A2-F803-4A7C-BC4A-7753C429AE63}.Release|x64.Build.0 = Release|x64
		{8F4911A2-F803-4A7C-BC4A-7753C429AE63}.Release|x64.Deploy.0 = Release|x64
		{8F4911A2-F803-4A7C-BC4A-7753C429AE63}.Release|x86.ActiveCfg = Release|x86
		{8F4911A2-F803-4A7C-BC4A-7753C429AE63}.Release|x86.Build.0 = Release|x86
		{8F4911A2-F803-4A7C-BC4A-7753C429AE63}.Release|x86.Deploy.0 = Release|x86
		{DD07202E-9A92-4B4C-A563-6FF0800D2121}.Debug|ARM.ActiveCfg = Debug|ARM
		{DD07202E-9A92-4B4C-A563-6FF0800D2121}.Debug|ARM.Build.0 = Debug|ARM
		{DD07202E-9A92-4B4C-A563-6FF0800D2121}.Debug|ARM64.ActiveCfg = Debug|ARM64
		{DD07202E-9A92-4B4C-A563-6FF0800D2121}.Debug|ARM64.Build.0 = Debug|ARM64
		{DD07202E-9A92-4B4C-A563-6FF0800D2121}.Debug|x64.ActiveCfg = Debug|x64
		{DD07202E-9A92-4B4C-A563-6FF0800D2121}.Debug|x64.Build.0 = Debug|x64
		{DD07202E-9A92-4B4C-A563-6FF0800D2121}.Debug|x86.ActiveCfg = Debug|x86
		{DD07202E-9A92-4B4C-A563-6FF0800D2121}.Debug|x86.Build.0 = Debug|x86
		{DD07202E-9A92-4B4C-A563-6FF0800D2121}.Release|ARM.ActiveCfg = Release|ARM
		{DD07202E-9A92-4B4C-A563-6FF0800D2121}.Release|ARM.Build.0 = Release|ARM
		{DD07202E-9A92-4B4C-A563-6FF0800D2121}.Release|ARM64.ActiveCfg = Release|ARM64
		{DD07202E-9A92-4B4C-A563-6FF0800D2121}.Release|ARM64.Build.0 = Release|ARM64
		{DD07202E-9A92-4B4C-A563-6FF0800D2121}.Release|x64.ActiveCfg = Release|x64
		{DD07202E-9A92-4B4C-A563-6FF0800D2121}.Release|x64.Build.0 = Release|x64
		{DD07202E-9A92-4B4C-A563-6FF0800D2121}.Release|x86.ActiveCfg = Release|x86
		{DD07202E-9A92-4B4C-A563-6FF0800D2121}.Release|x86.Build.0 = Release|x86
		{3A4C2A5F-327E-4FB3-9946-B6E8342D64C8}.Debug|ARM.ActiveCfg = Debug|ARM
		{3A4C2A5F-327E-4FB3-9946-B6E8342D64C8}.Debug|ARM.Build.0 = Debug|ARM
		{3A4C2A5F-327E-4FB3-9946-B6E8342D64C8}.Debug|ARM64.ActiveCfg = Debug|ARM64
		{3A4C2A5F-327E-4FB3-9946-B6E8342D64C8}.Debug|ARM64.Build.0 = Debug|ARM64
		{3A4C2A5F-327E-4FB3-9946-B6E8342D64C8}.Debug|x64.ActiveCfg = Debug|x64
		{3A4C2A5F-327E-4FB3-9946-B6E8342D64C8}.Debug|x64.Build.0 = Debug|x64
		{3A4C2A5F-327E-4FB3-9946-B6E8342D64C8}.Debug|x86.ActiveCfg = Debug|x86
		{3A4C2A5F-327E-4FB3-9946-B6E8342D64C8}.Debug|x86.Build.0 = Debug|x86
		{3A4C2A5F-327E-4FB3-9946-B6E8342D64C8}.Release|ARM.ActiveCfg = Release|ARM
		{3A4C2A5F-327E-4FB3-9946-B6E8342D64C8}.Release|ARM.Build.0 = Release|ARM
		{3A4C2A5F-327E-4FB3-9946-B6E8342D64C8}.Release|ARM64.ActiveCfg = Release|ARM64
		{3A4C2A5F-327E-4FB3-9946-B6E8342D64C8}.Release|ARM64.Build.0 = Release|ARM64
		{3A4C2A5F-327E-4FB3-9946-B6E8342D64C8}.Release|x64.ActiveCfg = Release|x64
		{3A4C2A5F-327E-4FB3-9946-B6E8342D64C8}.Release|x64.Build.0 = Release|x64
		{3A4C2A5F-327E-4FB3-9946-B6E8342D64C8}.Release|x86.ActiveCfg = Release|x86
		{3A4C2A5F-327E-4FB3-9946-B6E8342D64C8}.Release|x86.Build.0 = Release|x86
		{1B68F495-3E45-40E8-BCDB-9F12E17685A1}.Debug|ARM.ActiveCfg = Debug|ARM
		{1B68F495-3E45-40E8-BCDB-9F12E17685A1}.Debug|ARM.Build.0 = Debug|ARM
		{1B68F495-3E45-40E8-BCDB-9F12E17685A1}.Debug|ARM64.ActiveCfg = Debug|ARM64
		{1B68F495-3E45-40E8-BCDB-9F12E17685A1}.Debug|ARM64.Build.0 = Debug|ARM64
		{1B68F495-3E45-40E8-BCDB-9F12E17685A1}.Debug|x64.ActiveCfg = Debug|x64
		{1B68F495-3E45-40E8-BCDB-9F12E17685A1}.Debug|x64.Build.0 = Debug|x64
		{1B68F495-3E45-40E8-BCDB-9F12E17685A1}.Debug|x86.ActiveCfg = Debug|x86
		{1B68F495-3E45-40E8-BCDB-9F12E17685A1}.Debug|x86.Build.0 = Debug|x86
		{1B68F495-3E45-40E8-BCDB-9F12E17685A1}.Release|ARM.ActiveCfg = Release|ARM
		{1B68F495-3E45-40E8-BCDB-9F12E17685A1}.Release|ARM.Build.0 = Release|ARM
		{1B68F495-3E45-40E8-BCDB-9F12E17685A1}.Release|ARM64.ActiveCfg = Release|ARM64
		{1B68F495-3E45-40E8-BCDB-9F12E17685A1}.Release|ARM64.Build.0 = Release|ARM64
		{1B68F495-3E45-40E8-BCDB-9F12E17685A1}.Release|x64.ActiveCfg = Release|x64
		{1B68F495-3E45-40E8-BCDB-9F12E17685A1}.Release|x64.Build.0 = Release|x64
		{1B68F495-3E45-40E8-BCDB-9F12E17685A1}.Release|x86.ActiveCfg = Release|x86
		{1B68F495-3E45-40E8-BCDB-9F12E17685A1}.Release|x86.Build.0 = Release|x86
		{A0A8E73F-F3CF-43C0-9600-C735B57774C3}.Debug|ARM.ActiveCfg = Debug|ARM
		{A0A8E73F-F3CF-43C0-9600-C735B57774C3}.Debug|ARM.Build.0 = Debug|ARM
		{A0A8E73F-F3CF-43C0-9600-C735B57774C3}.Debug|ARM64.ActiveCfg = Debug|ARM64
		{A0A8E73F-F3CF-43C0-9600-C735B57774C3}.Debug|ARM64.Build.0 = Debug|ARM64
		{A0A8E73F-F3CF-43C0-9600-C735B57774C3}.Debug|x64.ActiveCfg = Debug|x64
		{A0A8E73F-F3CF-43C0-9600-C735B57774C3}.Debug|x64.Build.0 = Debug|x64
		{A0A8E73F-F3CF-43C0-9600-C735B57774C3}.Debug|x86.ActiveCfg = Debug|x86
		{A0A8E73F-F3CF-43C0-9600-C735B57774C3}.Debug|x86.Build.0 = Debug|x86
		{A0A8E73F-F3CF-43C0-9600-C735B57774C3}.Release|ARM.ActiveCfg = Release|ARM
		{A0A8E73F-F3CF-43C0-9600-C735B57774C3}.Release|ARM.Build.0 = Release|ARM
		{A0A8E73F-F3CF-43C0-9600-C735B57774C3}.Release|ARM64.ActiveCfg = Release|ARM64
		{A0A8E73F-F3CF-43C0-9600-C735B57774C3}.Release|ARM64.Build.0 = Release|ARM64
		{A0A8E73F-F3CF-43C0-9600-C735B57774C3}.Release|x64.ActiveCfg = Release|x64
		{A0A8E73F-F3CF-43C0-9600-C735B57774C3}.Release|x64.Build.0 = Release|x64
		{A0A8E73F-F3CF-43C0-9600-C735B57774C3}.Release|x86.ActiveCfg = Release|x86
		{A0A8E73F-F3CF-43C0-9600-C735B57774C3}.Release|x86.Build.0 = Release|x86
		{5E14E2DA-00D7-49C7-AD2E-4924B757544A}.Debug|ARM.ActiveCfg = Debug|ARM
		{5E14E2DA-00D7-49C7-AD2E-4924B757544A}.Debug|ARM.Build.0 = Debug|ARM
		{5E14E2DA-00D7-49C7-AD2E-4924B757544A}.Debug|ARM64.ActiveCfg = Debug|ARM64
		{5E14E2DA-00D7-49C7-AD2E-4924B757544A}.Debug|ARM64.Build.0 = Debug|ARM64
		{5E14E2DA-00D7-49C7-AD2E-4924B757544A}.Debug|x64.ActiveCfg = Debug|x64
		{5E14E2DA-00D7-49C7-AD2E-4924B757544A}.Debug|x64.Build.0 = Debug|x64
		{5E14E2DA-00D7-49C7-AD2E-4924B757544A}.Debug|x86.ActiveCfg = Debug|x86
		{5E14E2DA-00D7-49C7-AD2E-4924B757544A}.Debug|x86.Build.0 = Debug|x86
		{5E14E2DA-00D7-49C7-AD2E-4924B757544A}.Release|ARM.ActiveCfg = Release|ARM
		{5E14E2DA-00D7-49C7-AD2E-4924B757544A}.Release|ARM.Build.0 = Release|ARM
		{5E14E2DA-00D7-49C7-AD2E-4924B757544A}.Release|ARM64.ActiveCfg = Release|ARM64
		{5E14E2DA-00D7-49C7-AD2E-4924B757544A}.Release|ARM64.Build.0 = Release|ARM64
		{5E14E2DA-00D7-49C7-AD2E-4924B757544A}.Release|x64.ActiveCfg = Release|x64
		{5E14E2DA-00D7-49C7-AD2E-4924B757544A}.Release|x64.Build.0 = Release|x64
		{5E14E2DA-00D7-49C7-AD2E-4924B757544A}.Release|x86.ActiveCfg = Release|x86
		{5E14E2DA-00D7-49C7-AD2E-4924B757544A}.Release|x86.Build.0 = Release|x86
	EndGlobalSection
	GlobalSection(SolutionProperties) = preSolution
		HideSolutionNode = FALSE
	EndGlobalSection
	GlobalSection(ExtensibilityGlobals) = postSolution
		SolutionGuid = {458BAC85-1A47-4B87-B9A9-7AED02528D9A}
	EndGlobalSection
EndGlobal
